
Microsoft Visual Studio Solution File, Format Version 12.00
# Visual Studio 15
VisualStudioVersion = 15.0.27130.2024
MinimumVisualStudioVersion = 10.0.40219.1
Project("{9A19103F-16F7-4668-BE54-9A1E7A4F7556}") = "DiscordBot", "src\DiscordBot.csproj", "{DE562BDA-1161-4638-9F2D-D4C0BBAAAF9A}"
	ProjectSection(ProjectDependencies) = postProject
		{B8B8B910-1693-4AFC-9DFA-DF83BCF833EF} = {B8B8B910-1693-4AFC-9DFA-DF83BCF833EF}
		{8D05976B-FA7C-4ED2-AA56-694B20B5890A} = {8D05976B-FA7C-4ED2-AA56-694B20B5890A}
		{8073A69F-54AB-4123-8D58-82F2117D09DA} = {8073A69F-54AB-4123-8D58-82F2117D09DA}
		{3845B3CB-C233-42C0-B6F6-86F308689E5E} = {3845B3CB-C233-42C0-B6F6-86F308689E5E}
	EndProjectSection
EndProject
Project("{9A19103F-16F7-4668-BE54-9A1E7A4F7556}") = "Discord.Net.Core", "Discord.Net\src\Discord.Net.Core\Discord.Net.Core.csproj", "{8073A69F-54AB-4123-8D58-82F2117D09DA}"
EndProject
Project("{9A19103F-16F7-4668-BE54-9A1E7A4F7556}") = "Discord.Net.Commands", "Discord.Net\src\Discord.Net.Commands\Discord.Net.Commands.csproj", "{B8B8B910-1693-4AFC-9DFA-DF83BCF833EF}"
EndProject
Project("{9A19103F-16F7-4668-BE54-9A1E7A4F7556}") = "Discord.Net.WebSocket", "Discord.Net\src\Discord.Net.WebSocket\Discord.Net.WebSocket.csproj", "{3845B3CB-C233-42C0-B6F6-86F308689E5E}"
	ProjectSection(ProjectDependencies) = postProject
		{8D05976B-FA7C-4ED2-AA56-694B20B5890A} = {8D05976B-FA7C-4ED2-AA56-694B20B5890A}
	EndProjectSection
EndProject
Project("{9A19103F-16F7-4668-BE54-9A1E7A4F7556}") = "Discord.Net.Rest", "Discord.Net\src\Discord.Net.Rest\Discord.Net.Rest.csproj", "{8D05976B-FA7C-4ED2-AA56-694B20B5890A}"
EndProject
Global
	GlobalSection(SolutionConfigurationPlatforms) = preSolution
		Debug|Any CPU = Debug|Any CPU
		Release|Any CPU = Release|Any CPU
	EndGlobalSection
	GlobalSection(ProjectConfigurationPlatforms) = postSolution
		{DE562BDA-1161-4638-9F2D-D4C0BBAAAF9A}.Debug|Any CPU.ActiveCfg = Debug|Any CPU
		{DE562BDA-1161-4638-9F2D-D4C0BBAAAF9A}.Debug|Any CPU.Build.0 = Debug|Any CPU
		{DE562BDA-1161-4638-9F2D-D4C0BBAAAF9A}.Release|Any CPU.ActiveCfg = Release|Any CPU
		{DE562BDA-1161-4638-9F2D-D4C0BBAAAF9A}.Release|Any CPU.Build.0 = Release|Any CPU
		{8073A69F-54AB-4123-8D58-82F2117D09DA}.Debug|Any CPU.ActiveCfg = Debug|Any CPU
		{8073A69F-54AB-4123-8D58-82F2117D09DA}.Debug|Any CPU.Build.0 = Debug|Any CPU
		{8073A69F-54AB-4123-8D58-82F2117D09DA}.Release|Any CPU.ActiveCfg = Release|Any CPU
		{8073A69F-54AB-4123-8D58-82F2117D09DA}.Release|Any CPU.Build.0 = Release|Any CPU
		{B8B8B910-1693-4AFC-9DFA-DF83BCF833EF}.Debug|Any CPU.ActiveCfg = Debug|Any CPU
		{B8B8B910-1693-4AFC-9DFA-DF83BCF833EF}.Debug|Any CPU.Build.0 = Debug|Any CPU
		{B8B8B910-1693-4AFC-9DFA-DF83BCF833EF}.Release|Any CPU.ActiveCfg = Release|Any CPU
		{B8B8B910-1693-4AFC-9DFA-DF83BCF833EF}.Release|Any CPU.Build.0 = Release|Any CPU
		{3845B3CB-C233-42C0-B6F6-86F308689E5E}.Debug|Any CPU.ActiveCfg = Debug|Any CPU
		{3845B3CB-C233-42C0-B6F6-86F308689E5E}.Debug|Any CPU.Build.0 = Debug|Any CPU
		{3845B3CB-C233-42C0-B6F6-86F308689E5E}.Release|Any CPU.ActiveCfg = Release|Any CPU
		{3845B3CB-C233-42C0-B6F6-86F308689E5E}.Release|Any CPU.Build.0 = Release|Any CPU
		{8D05976B-FA7C-4ED2-AA56-694B20B5890A}.Debug|Any CPU.ActiveCfg = Debug|Any CPU
		{8D05976B-FA7C-4ED2-AA56-694B20B5890A}.Debug|Any CPU.Build.0 = Debug|Any CPU
		{8D05976B-FA7C-4ED2-AA56-694B20B5890A}.Release|Any CPU.ActiveCfg = Release|Any CPU
		{8D05976B-FA7C-4ED2-AA56-694B20B5890A}.Release|Any CPU.Build.0 = Release|Any CPU
	EndGlobalSection
	GlobalSection(SolutionProperties) = preSolution
		HideSolutionNode = FALSE
	EndGlobalSection
	GlobalSection(ExtensibilityGlobals) = postSolution
		SolutionGuid = {704ABF67-6AF8-4A40-A045-492058049321}
	EndGlobalSection
	GlobalSection(Performance) = preSolution
		HasPerformanceSessions = true
	EndGlobalSection
EndGlobal
